
Microsoft Visual Studio Solution File, Format Version 12.00
# Visual Studio 15
VisualStudioVersion = 15.0.28307.136
MinimumVisualStudioVersion = 10.0.40219.1
Project("{9A19103F-16F7-4668-BE54-9A1E7A4F7556}") = "FileTree", "FileTree\FileTree.csproj", "{18B58277-4BF8-4EE6-876C-24A417D72616}"
EndProject
Project("{FAE04EC0-301F-11D3-BF4B-00C04F79EFBC}") = "FileTreeSimplified", "FileTreeSimplified\FileTreeSimplified.csproj", "{D63B6D93-16C4-4396-AA87-02BD775184A3}"
EndProject
Global
	GlobalSection(SolutionConfigurationPlatforms) = preSolution
		Debug|Any CPU = Debug|Any CPU
		Release|Any CPU = Release|Any CPU
	EndGlobalSection
	GlobalSection(ProjectConfigurationPlatforms) = postSolution
		{18B58277-4BF8-4EE6-876C-24A417D72616}.Debug|Any CPU.ActiveCfg = Debug|Any CPU
		{18B58277-4BF8-4EE6-876C-24A417D72616}.Debug|Any CPU.Build.0 = Debug|Any CPU
		{18B58277-4BF8-4EE6-876C-24A417D72616}.Release|Any CPU.ActiveCfg = Release|Any CPU
		{18B58277-4BF8-4EE6-876C-24A417D72616}.Release|Any CPU.Build.0 = Release|Any CPU
		{D63B6D93-16C4-4396-AA87-02BD775184A3}.Debug|Any CPU.ActiveCfg = Debug|Any CPU
		{D63B6D93-16C4-4396-AA87-02BD775184A3}.Debug|Any CPU.Build.0 = Debug|Any CPU
		{D63B6D93-16C4-4396-AA87-02BD775184A3}.Release|Any CPU.ActiveCfg = Release|Any CPU
		{D63B6D93-16C4-4396-AA87-02BD775184A3}.Release|Any CPU.Build.0 = Release|Any CPU
	EndGlobalSection
	GlobalSection(SolutionProperties) = preSolution
		HideSolutionNode = FALSE
	EndGlobalSection
	GlobalSection(ExtensibilityGlobals) = postSolution
		SolutionGuid = {6EBC0974-3843-4943-BE1F-B4586F9D391D}
	EndGlobalSection
EndGlobal
